// !$*UTF8*$!
{
	archiveVersion = 1;
	classes = {
	};
	objectVersion = 50;
	objects = {

/* Begin PBXBuildFile section */
		90FF80D321D07C1C00F490D7 /* AppDelegate.swift in Sources */ = {isa = PBXBuildFile; fileRef = 90FF80D221D07C1C00F490D7 /* AppDelegate.swift */; };
		90FF80D521D07C1C00F490D7 /* ViewController.swift in Sources */ = {isa = PBXBuildFile; fileRef = 90FF80D421D07C1C00F490D7 /* ViewController.swift */; };
		90FF80D821D07C1C00F490D7 /* Main.storyboard in Resources */ = {isa = PBXBuildFile; fileRef = 90FF80D621D07C1C00F490D7 /* Main.storyboard */; };
		90FF80DA21D07C1D00F490D7 /* Assets.xcassets in Resources */ = {isa = PBXBuildFile; fileRef = 90FF80D921D07C1D00F490D7 /* Assets.xcassets */; };
		90FF80DD21D07C1D00F490D7 /* LaunchScreen.storyboard in Resources */ = {isa = PBXBuildFile; fileRef = 90FF80DB21D07C1D00F490D7 /* LaunchScreen.storyboard */; };
		90FF80E521D07C6B00F490D7 /* Sign.swift in Sources */ = {isa = PBXBuildFile; fileRef = 90FF80E421D07C6B00F490D7 /* Sign.swift */; };
		90FF80E721D07CA300F490D7 /* GameState.swift in Sources */ = {isa = PBXBuildFile; fileRef = 90FF80E621D07CA300F490D7 /* GameState.swift */; };
/* End PBXBuildFile section */

/* Begin PBXFileReference section */
		90FF80CF21D07C1C00F490D7 /* boboChu.app */ = {isa = PBXFileReference; explicitFileType = wrapper.application; includeInIndex = 0; path = boboChu.app; sourceTree = BUILT_PRODUCTS_DIR; };
		90FF80D221D07C1C00F490D7 /* AppDelegate.swift */ = {isa = PBXFileReference; lastKnownFileType = sourcecode.swift; path = AppDelegate.swift; sourceTree = "<group>"; };
		90FF80D421D07C1C00F490D7 /* ViewController.swift */ = {isa = PBXFileReference; lastKnownFileType = sourcecode.swift; path = ViewController.swift; sourceTree = "<group>"; };
		90FF80D721D07C1C00F490D7 /* Base */ = {isa = PBXFileReference; lastKnownFileType = file.storyboard; name = Base; path = Base.lproj/Main.storyboard; sourceTree = "<group>"; };
		90FF80D921D07C1D00F490D7 /* Assets.xcassets */ = {isa = PBXFileReference; lastKnownFileType = folder.assetcatalog; path = Assets.xcassets; sourceTree = "<group>"; };
		90FF80DC21D07C1D00F490D7 /* Base */ = {isa = PBXFileReference; lastKnownFileType = file.storyboard; name = Base; path = Base.lproj/LaunchScreen.storyboard; sourceTree = "<group>"; };
		90FF80DE21D07C1D00F490D7 /* Info.plist */ = {isa = PBXFileReference; lastKnownFileType = text.plist.xml; path = Info.plist; sourceTree = "<group>"; };
		90FF80E421D07C6B00F490D7 /* Sign.swift */ = {isa = PBXFileReference; lastKnownFileType = sourcecode.swift; path = Sign.swift; sourceTree = "<group>"; };
		90FF80E621D07CA300F490D7 /* GameState.swift */ = {isa = PBXFileReference; lastKnownFileType = sourcecode.swift; path = GameState.swift; sourceTree = "<group>"; };
/* End PBXFileReference section */

/* Begin PBXFrameworksBuildPhase section */
		90FF80CC21D07C1C00F490D7 /* Frameworks */ = {
			isa = PBXFrameworksBuildPhase;
			buildActionMask = 2147483647;
			files = (
			);
			runOnlyForDeploymentPostprocessing = 0;
		};
/* End PBXFrameworksBuildPhase section */

/* Begin PBXGroup section */
		90FF80C621D07C1C00F490D7 = {
			isa = PBXGroup;
			children = (
				90FF80D121D07C1C00F490D7 /* boboChu */,
				90FF80D021D07C1C00F490D7 /* Products */,
			);
			sourceTree = "<group>";
		};
		90FF80D021D07C1C00F490D7 /* Products */ = {
			isa = PBXGroup;
			children = (
				90FF80CF21D07C1C00F490D7 /* boboChu.app */,
			);
			name = Products;
			sourceTree = "<group>";
		};
		90FF80D121D07C1C00F490D7 /* boboChu */ = {
			isa = PBXGroup;
			children = (
				90FF80D221D07C1C00F490D7 /* AppDelegate.swift */,
				90FF80D421D07C1C00F490D7 /* ViewController.swift */,
				90FF80D621D07C1C00F490D7 /* Main.storyboard */,
				90FF80D921D07C1D00F490D7 /* Assets.xcassets */,
				90FF80DB21D07C1D00F490D7 /* LaunchScreen.storyboard */,
				90FF80DE21D07C1D00F490D7 /* Info.plist */,
				90FF80E421D07C6B00F490D7 /* Sign.swift */,
				90FF80E621D07CA300F490D7 /* GameState.swift */,
			);
			path = boboChu;
			sourceTree = "<group>";
		};
/* End PBXGroup section */

/* Begin PBXNativeTarget section */
		90FF80CE21D07C1C00F490D7 /* boboChu */ = {
			isa = PBXNativeTarget;
			buildConfigurationList = 90FF80E121D07C1D00F490D7 /* Build configuration list for PBXNativeTarget "boboChu" */;
			buildPhases = (
				90FF80CB21D07C1C00F490D7 /* Sources */,
				90FF80CC21D07C1C00F490D7 /* Frameworks */,
				90FF80CD21D07C1C00F490D7 /* Resources */,
			);
			buildRules = (
			);
			dependencies = (
			);
			name = boboChu;
			productName = boboChu;
			productReference = 90FF80CF21D07C1C00F490D7 /* boboChu.app */;
			productType = "com.apple.product-type.application";
		};
/* End PBXNativeTarget section */

/* Begin PBXProject section */
		90FF80C721D07C1C00F490D7 /* Project object */ = {
			isa = PBXProject;
			attributes = {
				LastSwiftUpdateCheck = 1010;
				LastUpgradeCheck = 1010;
				ORGANIZATIONNAME = "Leyi Qiang";
				TargetAttributes = {
					90FF80CE21D07C1C00F490D7 = {
						CreatedOnToolsVersion = 10.1;
					};
				};
			};
			buildConfigurationList = 90FF80CA21D07C1C00F490D7 /* Build configuration list for PBXProject "boboChu" */;
			compatibilityVersion = "Xcode 9.3";
			developmentRegion = en;
			hasScannedForEncodings = 0;
			knownRegions = (
				en,
				Base,
			);
			mainGroup = 90FF80C621D07C1C00F490D7;
			productRefGroup = 90FF80D021D07C1C00F490D7 /* Products */;
			projectDirPath = "";
			projectRoot = "";
			targets = (
				90FF80CE21D07C1C00F490D7 /* boboChu */,
			);
		};
/* End PBXProject section */

/* Begin PBXResourcesBuildPhase section */
		90FF80CD21D07C1C00F490D7 /* Resources */ = {
			isa = PBXResourcesBuildPhase;
			buildActionMask = 2147483647;
			files = (
				90FF80DD21D07C1D00F490D7 /* LaunchScreen.storyboard in Resources */,
				90FF80DA21D07C1D00F490D7 /* Assets.xcassets in Resources */,
				90FF80D821D07C1C00F490D7 /* Main.storyboard in Resources */,
			);
			runOnlyForDeploymentPostprocessing = 0;
		};
/* End PBXResourcesBuildPhase section */

/* Begin PBXSourcesBuildPhase section */
		90FF80CB21D07C1C00F490D7 /* Sources */ = {
			isa = PBXSourcesBuildPhase;
			buildActionMask = 2147483647;
			files = (
				90FF80D521D07C1C00F490D7 /* ViewController.swift in Sources */,
				90FF80E721D07CA300F490D7 /* GameState.swift in Sources */,
				90FF80D321D07C1C00F490D7 /* AppDelegate.swift in Sources */,
				90FF80E521D07C6B00F490D7 /* Sign.swift in Sources */,
			);
			runOnlyForDeploymentPostprocessing = 0;
		};
/* End PBXSourcesBuildPhase section */

/* Begin PBXVariantGroup section */
		90FF80D621D07C1C00F490D7 /* Main.storyboard */ = {
			isa = PBXVariantGroup;
			children = (
				90FF80D721D07C1C00F490D7 /* Base */,
			);
			name = Main.storyboard;
			sourceTree = "<group>";
		};
		90FF80DB21D07C1D00F490D7 /* LaunchScreen.storyboard */ = {
			isa = PBXVariantGroup;
			children = (
				90FF80DC21D07C1D00F490D7 /* Base */,
			);
			name = LaunchScreen.storyboard;
			sourceTree = "<group>";
		};
/* End PBXVariantGroup section */

/* Begin XCBuildConfiguration section */
		90FF80DF21D07C1D00F490D7 /* Debug */ = {
			isa = XCBuildConfiguration;
			buildSettings = {
				ALWAYS_SEARCH_USER_PATHS = NO;
				CLANG_ANALYZER_NONNULL = YES;
				CLANG_ANALYZER_NUMBER_OBJECT_CONVERSION = YES_AGGRESSIVE;
				CLANG_CXX_LANGUAGE_STANDARD = "gnu++14";
				CLANG_CXX_LIBRARY = "libc++";
				CLANG_ENABLE_MODULES = YES;
				CLANG_ENABLE_OBJC_ARC = YES;
				CLANG_ENABLE_OBJC_WEAK = YES;
				CLANG_WARN_BLOCK_CAPTURE_AUTORELEASING = YES;
				CLANG_WARN_BOOL_CONVERSION = YES;
				CLANG_WARN_COMMA = YES;
				CLANG_WARN_CONSTANT_CONVERSION = YES;
				CLANG_WARN_DEPRECATED_OBJC_IMPLEMENTATIONS = YES;
				CLANG_WARN_DIRECT_OBJC_ISA_USAGE = YES_ERROR;
				CLANG_WARN_DOCUMENTATION_COMMENTS = YES;
				CLANG_WARN_EMPTY_BODY = YES;
				CLANG_WARN_ENUM_CONVERSION = YES;
				CLANG_WARN_INFINITE_RECURSION = YES;
				CLANG_WARN_INT_CONVERSION = YES;
				CLANG_WARN_NON_LITERAL_NULL_CONVERSION = YES;
				CLANG_WARN_OBJC_IMPLICIT_RETAIN_SELF = YES;
				CLANG_WARN_OBJC_LITERAL_CONVERSION = YES;
				CLANG_WARN_OBJC_ROOT_CLASS = YES_ERROR;
				CLANG_WARN_RANGE_LOOP_ANALYSIS = YES;
				CLANG_WARN_STRICT_PROTOTYPES = YES;
				CLANG_WARN_SUSPICIOUS_MOVE = YES;
				CLANG_WARN_UNGUARDED_AVAILABILITY = YES_AGGRESSIVE;
				CLANG_WARN_UNREACHABLE_CODE = YES;
				CLANG_WARN__DUPLICATE_METHOD_MATCH = YES;
				CODE_SIGN_IDENTITY = "iPhone Developer";
				COPY_PHASE_STRIP = NO;
				DEBUG_INFORMATION_FORMAT = dwarf;
				ENABLE_STRICT_OBJC_MSGSEND = YES;
				ENABLE_TESTABILITY = YES;
				GCC_C_LANGUAGE_STANDARD = gnu11;
				GCC_DYNAMIC_NO_PIC = NO;
				GCC_NO_COMMON_BLOCKS = YES;
				GCC_OPTIMIZATION_LEVEL = 0;
				GCC_PREPROCESSOR_DEFINITIONS = (
					"DEBUG=1",
					"$(inherited)",
				);
				GCC_WARN_64_TO_32_BIT_CONVERSION = YES;
				GCC_WARN_ABOUT_RETURN_TYPE = YES_ERROR;
				GCC_WARN_UNDECLARED_SELECTOR = YES;
				GCC_WARN_UNINITIALIZED_AUTOS = YES_AGGRESSIVE;
				GCC_WARN_UNUSED_FUNCTION = YES;
				GCC_WARN_UNUSED_VARIABLE = YES;
				IPHONEOS_DEPLOYMENT_TARGET = 12.1;
				MTL_ENABLE_DEBUG_INFO = INCLUDE_SOURCE;
				MTL_FAST_MATH = YES;
				ONLY_ACTIVE_ARCH = YES;
				SDKROOT = iphoneos;
				SWIFT_ACTIVE_COMPILATION_CONDITIONS = DEBUG;
				SWIFT_OPTIMIZATION_LEVEL = "-Onone";
			};
			name = Debug;
		};
		90FF80E021D07C1D00F490D7 /* Release */ = {
			isa = XCBuildConfiguration;
			buildSettings = {
				ALWAYS_SEARCH_USER_PATHS = NO;
				CLANG_ANALYZER_NONNULL = YES;
				CLANG_ANALYZER_NUMBER_OBJECT_CONVERSION = YES_AGGRESSIVE;
				CLANG_CXX_LANGUAGE_STANDARD = "gnu++14";
				CLANG_CXX_LIBRARY = "libc++";
				CLANG_ENABLE_MODULES = YES;
				CLANG_ENABLE_OBJC_ARC = YES;
				CLANG_ENABLE_OBJC_WEAK = YES;
				CLANG_WARN_BLOCK_CAPTURE_AUTORELEASING = YES;
				CLANG_WARN_BOOL_CONVERSION = YES;
				CLANG_WARN_COMMA = YES;
				CLANG_WARN_CONSTANT_CONVERSION = YES;
				CLANG_WARN_DEPRECATED_OBJC_IMPLEMENTATIONS = YES;
				CLANG_WARN_DIRECT_OBJC_ISA_USAGE = YES_ERROR;
				CLANG_WARN_DOCUMENTATION_COMMENTS = YES;
				CLANG_WARN_EMPTY_BODY = YES;
				CLANG_WARN_ENUM_CONVERSION = YES;
				CLANG_WARN_INFINITE_RECURSION = YES;
				CLANG_WARN_INT_CONVERSION = YES;
				CLANG_WARN_NON_LITERAL_NULL_CONVERSION = YES;
				CLANG_WARN_OBJC_IMPLICIT_RETAIN_SELF = YES;
				CLANG_WARN_OBJC_LITERAL_CONVERSION = YES;
				CLANG_WARN_OBJC_ROOT_CLASS = YES_ERROR;
				CLANG_WARN_RANGE_LOOP_ANALYSIS = YES;
				CLANG_WARN_STRICT_PROTOTYPES = YES;
				CLANG_WARN_SUSPICIOUS_MOVE = YES;
				CLANG_WARN_UNGUARDED_AVAILABILITY = YES_AGGRESSIVE;
				CLANG_WARN_UNREACHABLE_CODE = YES;
				CLANG_WARN__DUPLICATE_METHOD_MATCH = YES;
				CODE_SIGN_IDENTITY = "iPhone Developer";
				COPY_PHASE_STRIP = NO;
				DEBUG_INFORMATION_FORMAT = "dwarf-with-dsym";
				ENABLE_NS_ASSERTIONS = NO;
				ENABLE_STRICT_OBJC_MSGSEND = YES;
				GCC_C_LANGUAGE_STANDARD = gnu11;
				GCC_NO_COMMON_BLOCKS = YES;
				GCC_WARN_64_TO_32_BIT_CONVERSION = YES;
				GCC_WARN_ABOUT_RETURN_TYPE = YES_ERROR;
				GCC_WARN_UNDECLARED_SELECTOR = YES;
				GCC_WARN_UNINITIALIZED_AUTOS = YES_AGGRESSIVE;
				GCC_WARN_UNUSED_FUNCTION = YES;
				GCC_WARN_UNUSED_VARIABLE = YES;
				IPHONEOS_DEPLOYMENT_TARGET = 12.1;
				MTL_ENABLE_DEBUG_INFO = NO;
				MTL_FAST_MATH = YES;
				SDKROOT = iphoneos;
				SWIFT_COMPILATION_MODE = wholemodule;
				SWIFT_OPTIMIZATION_LEVEL = "-O";
				VALIDATE_PRODUCT = YES;
			};
			name = Release;
		};
		90FF80E221D07C1D00F490D7 /* Debug */ = {
			isa = XCBuildConfiguration;
			buildSettings = {
				ASSETCATALOG_COMPILER_APPICON_NAME = AppIcon;
				CODE_SIGN_STYLE = Automatic;
				DEVELOPMENT_TEAM = RMAT6LXPAJ;
				INFOPLIST_FILE = boboChu/Info.plist;
				LD_RUNPATH_SEARCH_PATHS = (
					"$(inherited)",
					"@executable_path/Frameworks",
				);
				PRODUCT_BUNDLE_IDENTIFIER = com.lqdb.boboChu;
				PRODUCT_NAME = "$(TARGET_NAME)";
				SWIFT_VERSION = 4.2;
				TARGETED_DEVICE_FAMILY = "1,2";
			};
			name = Debug;
		};
		90FF80E321D07C1D00F490D7 /* Release */ = {
			isa = XCBuildConfiguration;
			buildSettings = {
				ASSETCATALOG_COMPILER_APPICON_NAME = AppIcon;
				CODE_SIGN_STYLE = Automatic;
				DEVELOPMENT_TEAM = RMAT6LXPAJ;
				INFOPLIST_FILE = boboChu/Info.plist;
				LD_RUNPATH_SEARCH_PATHS = (
					"$(inherited)",
					"@executable_path/Frameworks",
				);
				PRODUCT_BUNDLE_IDENTIFIER = com.lqdb.boboChu;
				PRODUCT_NAME = "$(TARGET_NAME)";
				SWIFT_VERSION = 4.2;
				TARGETED_DEVICE_FAMILY = "1,2";
			};
			name = Release;
		};
/* End XCBuildConfiguration section */

/* Begin XCConfigurationList section */
		90FF80CA21D07C1C00F490D7 /* Build configuration list for PBXProject "boboChu" */ = {
			isa = XCConfigurationList;
			buildConfigurations = (
				90FF80DF21D07C1D00F490D7 /* Debug */,
				90FF80E021D07C1D00F490D7 /* Release */,
			);
			defaultConfigurationIsVisible = 0;
			defaultConfigurationName = Release;
		};
		90FF80E121D07C1D00F490D7 /* Build configuration list for PBXNativeTarget "boboChu" */ = {
			isa = XCConfigurationList;
			buildConfigurations = (
				90FF80E221D07C1D00F490D7 /* Debug */,
				90FF80E321D07C1D00F490D7 /* Release */,
			);
			defaultConfigurationIsVisible = 0;
			defaultConfigurationName = Release;
		};
/* End XCConfigurationList section */
	};
	rootObject = 90FF80C721D07C1C00F490D7 /* Project object */;
}
